
Microsoft Visual Studio Solution File, Format Version 12.00
# Visual Studio Version 16
VisualStudioVersion = 16.0.31129.286
MinimumVisualStudioVersion = 10.0.40219.1
Project("{2150E333-8FDC-42A3-9474-1A3956D46DE8}") = "Web", "Web", "{25124692-47FF-4E82-B9B4-731AB725350E}"
EndProject
Project("{2150E333-8FDC-42A3-9474-1A3956D46DE8}") = "Lab", "Lab", "{C81EAB65-33EA-407B-B1D8-EEDA7A77F2C2}"
EndProject
Project("{9A19103F-16F7-4668-BE54-9A1E7A4F7556}") = "CodeAnalyzerLab", "Lab\CodeAnalyzerLab\CodeAnalyzerLab.csproj", "{F47DEA22-A790-4FEC-8496-AA3EA750FEE5}"
EndProject
Project("{FAE04EC0-301F-11D3-BF4B-00C04F79EFBC}") = "RobotTR.Portal.MVC", "Web\RobotTR.Portal.MVC\RobotTR.Portal.MVC.csproj", "{CB8D52E5-CB1C-430D-9A6B-CA7D91908CFB}"
EndProject
Project("{2150E333-8FDC-42A3-9474-1A3956D46DE8}") = "Services", "Services", "{200C7368-4F3C-40EA-B63C-B2F745568C38}"
EndProject
Project("{FAE04EC0-301F-11D3-BF4B-00C04F79EFBC}") = "RobotTR.Authentication.API", "Services\RobotTR.Authentication.API\RobotTR.Authentication.API.csproj", "{69776917-A4F1-46CC-9470-E1FDA0A2D380}"
EndProject
Project("{FAE04EC0-301F-11D3-BF4B-00C04F79EFBC}") = "RobotTR.DataCollector.API", "Services\RobotTR.DataCollector.API\RobotTR.DataCollector.API.csproj", "{D49B726F-4181-4400-8EFB-EF7D51034981}"
EndProject
Project("{FAE04EC0-301F-11D3-BF4B-00C04F79EFBC}") = "RobotTR.DataAnalyzer.API", "Services\RobotTR.DataAnalyzer.API\RobotTR.DataAnalyzer.API.csproj", "{A3CC2A8E-0E68-4D81-BF44-47095DD6BF73}"
EndProject
Project("{2150E333-8FDC-42A3-9474-1A3956D46DE8}") = "Building Blocks", "Building Blocks", "{A36382EF-C65B-45D5-B098-0321DA51B071}"
EndProject
Project("{FAE04EC0-301F-11D3-BF4B-00C04F79EFBC}") = "RobotTR.Jobs.API", "Services\RobotTR.Jobs.API\RobotTR.Jobs.API.csproj", "{0917BD49-76BC-45BF-B7AA-6DCF3BA02FCF}"
EndProject
Project("{FAE04EC0-301F-11D3-BF4B-00C04F79EFBC}") = "RobotTR.User.API", "Services\RobotTR.User.API\RobotTR.User.API.csproj", "{D17B5F46-8619-4603-B026-13EC8A1EC71B}"
EndProject
Global
	GlobalSection(SolutionConfigurationPlatforms) = preSolution
		Debug|Any CPU = Debug|Any CPU
		Release|Any CPU = Release|Any CPU
	EndGlobalSection
	GlobalSection(ProjectConfigurationPlatforms) = postSolution
		{F47DEA22-A790-4FEC-8496-AA3EA750FEE5}.Debug|Any CPU.ActiveCfg = Debug|Any CPU
		{F47DEA22-A790-4FEC-8496-AA3EA750FEE5}.Debug|Any CPU.Build.0 = Debug|Any CPU
		{F47DEA22-A790-4FEC-8496-AA3EA750FEE5}.Release|Any CPU.ActiveCfg = Release|Any CPU
		{F47DEA22-A790-4FEC-8496-AA3EA750FEE5}.Release|Any CPU.Build.0 = Release|Any CPU
		{CB8D52E5-CB1C-430D-9A6B-CA7D91908CFB}.Debug|Any CPU.ActiveCfg = Debug|Any CPU
		{CB8D52E5-CB1C-430D-9A6B-CA7D91908CFB}.Debug|Any CPU.Build.0 = Debug|Any CPU
		{CB8D52E5-CB1C-430D-9A6B-CA7D91908CFB}.Release|Any CPU.ActiveCfg = Release|Any CPU
		{CB8D52E5-CB1C-430D-9A6B-CA7D91908CFB}.Release|Any CPU.Build.0 = Release|Any CPU
		{69776917-A4F1-46CC-9470-E1FDA0A2D380}.Debug|Any CPU.ActiveCfg = Debug|Any CPU
		{69776917-A4F1-46CC-9470-E1FDA0A2D380}.Debug|Any CPU.Build.0 = Debug|Any CPU
		{69776917-A4F1-46CC-9470-E1FDA0A2D380}.Release|Any CPU.ActiveCfg = Release|Any CPU
		{69776917-A4F1-46CC-9470-E1FDA0A2D380}.Release|Any CPU.Build.0 = Release|Any CPU
		{D49B726F-4181-4400-8EFB-EF7D51034981}.Debug|Any CPU.ActiveCfg = Debug|Any CPU
		{D49B726F-4181-4400-8EFB-EF7D51034981}.Debug|Any CPU.Build.0 = Debug|Any CPU
		{D49B726F-4181-4400-8EFB-EF7D51034981}.Release|Any CPU.ActiveCfg = Release|Any CPU
		{D49B726F-4181-4400-8EFB-EF7D51034981}.Release|Any CPU.Build.0 = Release|Any CPU
		{A3CC2A8E-0E68-4D81-BF44-47095DD6BF73}.Debug|Any CPU.ActiveCfg = Debug|Any CPU
		{A3CC2A8E-0E68-4D81-BF44-47095DD6BF73}.Debug|Any CPU.Build.0 = Debug|Any CPU
		{A3CC2A8E-0E68-4D81-BF44-47095DD6BF73}.Release|Any CPU.ActiveCfg = Release|Any CPU
		{A3CC2A8E-0E68-4D81-BF44-47095DD6BF73}.Release|Any CPU.Build.0 = Release|Any CPU
		{0917BD49-76BC-45BF-B7AA-6DCF3BA02FCF}.Debug|Any CPU.ActiveCfg = Debug|Any CPU
		{0917BD49-76BC-45BF-B7AA-6DCF3BA02FCF}.Debug|Any CPU.Build.0 = Debug|Any CPU
		{0917BD49-76BC-45BF-B7AA-6DCF3BA02FCF}.Release|Any CPU.ActiveCfg = Release|Any CPU
		{0917BD49-76BC-45BF-B7AA-6DCF3BA02FCF}.Release|Any CPU.Build.0 = Release|Any CPU
		{D17B5F46-8619-4603-B026-13EC8A1EC71B}.Debug|Any CPU.ActiveCfg = Debug|Any CPU
		{D17B5F46-8619-4603-B026-13EC8A1EC71B}.Debug|Any CPU.Build.0 = Debug|Any CPU
		{D17B5F46-8619-4603-B026-13EC8A1EC71B}.Release|Any CPU.ActiveCfg = Release|Any CPU
		{D17B5F46-8619-4603-B026-13EC8A1EC71B}.Release|Any CPU.Build.0 = Release|Any CPU
	EndGlobalSection
	GlobalSection(SolutionProperties) = preSolution
		HideSolutionNode = FALSE
	EndGlobalSection
	GlobalSection(NestedProjects) = preSolution
		{F47DEA22-A790-4FEC-8496-AA3EA750FEE5} = {C81EAB65-33EA-407B-B1D8-EEDA7A77F2C2}
		{CB8D52E5-CB1C-430D-9A6B-CA7D91908CFB} = {25124692-47FF-4E82-B9B4-731AB725350E}
		{69776917-A4F1-46CC-9470-E1FDA0A2D380} = {200C7368-4F3C-40EA-B63C-B2F745568C38}
		{D49B726F-4181-4400-8EFB-EF7D51034981} = {200C7368-4F3C-40EA-B63C-B2F745568C38}
		{A3CC2A8E-0E68-4D81-BF44-47095DD6BF73} = {200C7368-4F3C-40EA-B63C-B2F745568C38}
		{0917BD49-76BC-45BF-B7AA-6DCF3BA02FCF} = {200C7368-4F3C-40EA-B63C-B2F745568C38}
		{D17B5F46-8619-4603-B026-13EC8A1EC71B} = {200C7368-4F3C-40EA-B63C-B2F745568C38}
	EndGlobalSection
	GlobalSection(ExtensibilityGlobals) = postSolution
		SolutionGuid = {71C7BE45-23BD-42CC-ADFA-DBCDA4D97227}
	EndGlobalSection
EndGlobal
