
Microsoft Visual Studio Solution File, Format Version 12.00
# Visual Studio Version 16
VisualStudioVersion = 16.0.31129.286
MinimumVisualStudioVersion = 10.0.40219.1
Project("{2150E333-8FDC-42A3-9474-1A3956D46DE8}") = "Web", "Web", "{25124692-47FF-4E82-B9B4-731AB725350E}"
EndProject
Project("{2150E333-8FDC-42A3-9474-1A3956D46DE8}") = "Lab", "Lab", "{C81EAB65-33EA-407B-B1D8-EEDA7A77F2C2}"
EndProject
Project("{9A19103F-16F7-4668-BE54-9A1E7A4F7556}") = "CodeAnalyzerLab", "Lab\CodeAnalyzerLab\CodeAnalyzerLab.csproj", "{F47DEA22-A790-4FEC-8496-AA3EA750FEE5}"
EndProject
Project("{9A19103F-16F7-4668-BE54-9A1E7A4F7556}") = "RobotTR.Portal.MVC", "Web\RobotTR.Portal.MVC\RobotTR.Portal.MVC.csproj", "{CB8D52E5-CB1C-430D-9A6B-CA7D91908CFB}"
EndProject
Project("{2150E333-8FDC-42A3-9474-1A3956D46DE8}") = "Services", "Services", "{200C7368-4F3C-40EA-B63C-B2F745568C38}"
EndProject
Project("{9A19103F-16F7-4668-BE54-9A1E7A4F7556}") = "RobotTR.Authentication.API", "Services\RobotTR.Authentication.API\RobotTR.Authentication.API.csproj", "{69776917-A4F1-46CC-9470-E1FDA0A2D380}"
EndProject
Project("{9A19103F-16F7-4668-BE54-9A1E7A4F7556}") = "RobotTR.DataCollector.API", "Services\RobotTR.DataCollector.API\RobotTR.DataCollector.API.csproj", "{D49B726F-4181-4400-8EFB-EF7D51034981}"
EndProject
Project("{9A19103F-16F7-4668-BE54-9A1E7A4F7556}") = "RobotTR.DataAnalyzer.API", "Services\RobotTR.DataAnalyzer.API\RobotTR.DataAnalyzer.API.csproj", "{A3CC2A8E-0E68-4D81-BF44-47095DD6BF73}"
EndProject
Project("{2150E333-8FDC-42A3-9474-1A3956D46DE8}") = "Building Blocks", "Building Blocks", "{A36382EF-C65B-45D5-B098-0321DA51B071}"
EndProject
Project("{9A19103F-16F7-4668-BE54-9A1E7A4F7556}") = "RobotTR.Jobs.API", "Services\RobotTR.Jobs.API\RobotTR.Jobs.API.csproj", "{0917BD49-76BC-45BF-B7AA-6DCF3BA02FCF}"
EndProject
Project("{9A19103F-16F7-4668-BE54-9A1E7A4F7556}") = "RobotTR.User.API", "Services\RobotTR.User.API\RobotTR.User.API.csproj", "{D17B5F46-8619-4603-B026-13EC8A1EC71B}"
EndProject
Project("{2150E333-8FDC-42A3-9474-1A3956D46DE8}") = "src", "src", "{F068A043-DA17-4763-8580-792C9029DA55}"
EndProject
Project("{2150E333-8FDC-42A3-9474-1A3956D46DE8}") = "Authentication", "Authentication", "{580330D0-724F-46C0-A4AB-CA0B24751C0E}"
EndProject
Project("{2150E333-8FDC-42A3-9474-1A3956D46DE8}") = "DataAnalyzer", "DataAnalyzer", "{69F438C8-0BD3-414B-90FA-2CF2BAC2AF62}"
EndProject
Project("{2150E333-8FDC-42A3-9474-1A3956D46DE8}") = "DataCollector", "DataCollector", "{069686CF-BF42-4D19-9926-D7A6D0E70213}"
EndProject
Project("{2150E333-8FDC-42A3-9474-1A3956D46DE8}") = "Jobs", "Jobs", "{F88CC00E-2D2C-46CA-A38B-B05EA6CE0591}"
EndProject
Project("{2150E333-8FDC-42A3-9474-1A3956D46DE8}") = "User", "User", "{4C8AF80A-DED3-40D8-A026-29CF68493A9C}"
EndProject
Project("{2150E333-8FDC-42A3-9474-1A3956D46DE8}") = "Services", "Services", "{BB5E25FC-7970-4B74-94DC-9F4C0BC31412}"
EndProject
Project("{FAE04EC0-301F-11D3-BF4B-00C04F79EFBC}") = "RobotTR.WebAPI.Core", "BuildingBlocks\Services\RobotTR.WebAPI.Core\RobotTR.WebAPI.Core.csproj", "{2F7F14D0-592C-4A3E-A23A-64FEFF7CC664}"
EndProject
Project("{2150E333-8FDC-42A3-9474-1A3956D46DE8}") = "Core", "Core", "{6A7AD49A-6C96-49FE-AB4C-3E21D7BE0B56}"
EndProject
Project("{FAE04EC0-301F-11D3-BF4B-00C04F79EFBC}") = "RobotTR.Core", "BuildingBlocks\Core\RobotTR.Core\RobotTR.Core.csproj", "{CF3363E7-D146-4B26-B9D7-9F651B789A06}"
EndProject
Project("{2150E333-8FDC-42A3-9474-1A3956D46DE8}") = "MessageBus", "MessageBus", "{BE4B50D0-580D-4A93-9A37-51C53F7860E0}"
EndProject
Project("{FAE04EC0-301F-11D3-BF4B-00C04F79EFBC}") = "RobotTR.MessageBus", "BuildingBlocks\MessageBus\RobotTR.MessageBus\RobotTR.MessageBus.csproj", "{A1068659-87FA-4EE2-BF95-BD6C7910321C}"
EndProject
Global
	GlobalSection(SolutionConfigurationPlatforms) = preSolution
		Debug|Any CPU = Debug|Any CPU
		Release|Any CPU = Release|Any CPU
	EndGlobalSection
	GlobalSection(ProjectConfigurationPlatforms) = postSolution
		{F47DEA22-A790-4FEC-8496-AA3EA750FEE5}.Debug|Any CPU.ActiveCfg = Debug|Any CPU
		{F47DEA22-A790-4FEC-8496-AA3EA750FEE5}.Debug|Any CPU.Build.0 = Debug|Any CPU
		{F47DEA22-A790-4FEC-8496-AA3EA750FEE5}.Release|Any CPU.ActiveCfg = Release|Any CPU
		{F47DEA22-A790-4FEC-8496-AA3EA750FEE5}.Release|Any CPU.Build.0 = Release|Any CPU
		{CB8D52E5-CB1C-430D-9A6B-CA7D91908CFB}.Debug|Any CPU.ActiveCfg = Debug|Any CPU
		{CB8D52E5-CB1C-430D-9A6B-CA7D91908CFB}.Debug|Any CPU.Build.0 = Debug|Any CPU
		{CB8D52E5-CB1C-430D-9A6B-CA7D91908CFB}.Release|Any CPU.ActiveCfg = Release|Any CPU
		{CB8D52E5-CB1C-430D-9A6B-CA7D91908CFB}.Release|Any CPU.Build.0 = Release|Any CPU
		{69776917-A4F1-46CC-9470-E1FDA0A2D380}.Debug|Any CPU.ActiveCfg = Debug|Any CPU
		{69776917-A4F1-46CC-9470-E1FDA0A2D380}.Debug|Any CPU.Build.0 = Debug|Any CPU
		{69776917-A4F1-46CC-9470-E1FDA0A2D380}.Release|Any CPU.ActiveCfg = Release|Any CPU
		{69776917-A4F1-46CC-9470-E1FDA0A2D380}.Release|Any CPU.Build.0 = Release|Any CPU
		{D49B726F-4181-4400-8EFB-EF7D51034981}.Debug|Any CPU.ActiveCfg = Debug|Any CPU
		{D49B726F-4181-4400-8EFB-EF7D51034981}.Debug|Any CPU.Build.0 = Debug|Any CPU
		{D49B726F-4181-4400-8EFB-EF7D51034981}.Release|Any CPU.ActiveCfg = Release|Any CPU
		{D49B726F-4181-4400-8EFB-EF7D51034981}.Release|Any CPU.Build.0 = Release|Any CPU
		{A3CC2A8E-0E68-4D81-BF44-47095DD6BF73}.Debug|Any CPU.ActiveCfg = Debug|Any CPU
		{A3CC2A8E-0E68-4D81-BF44-47095DD6BF73}.Debug|Any CPU.Build.0 = Debug|Any CPU
		{A3CC2A8E-0E68-4D81-BF44-47095DD6BF73}.Release|Any CPU.ActiveCfg = Release|Any CPU
		{A3CC2A8E-0E68-4D81-BF44-47095DD6BF73}.Release|Any CPU.Build.0 = Release|Any CPU
		{0917BD49-76BC-45BF-B7AA-6DCF3BA02FCF}.Debug|Any CPU.ActiveCfg = Debug|Any CPU
		{0917BD49-76BC-45BF-B7AA-6DCF3BA02FCF}.Debug|Any CPU.Build.0 = Debug|Any CPU
		{0917BD49-76BC-45BF-B7AA-6DCF3BA02FCF}.Release|Any CPU.ActiveCfg = Release|Any CPU
		{0917BD49-76BC-45BF-B7AA-6DCF3BA02FCF}.Release|Any CPU.Build.0 = Release|Any CPU
		{D17B5F46-8619-4603-B026-13EC8A1EC71B}.Debug|Any CPU.ActiveCfg = Debug|Any CPU
		{D17B5F46-8619-4603-B026-13EC8A1EC71B}.Debug|Any CPU.Build.0 = Debug|Any CPU
		{D17B5F46-8619-4603-B026-13EC8A1EC71B}.Release|Any CPU.ActiveCfg = Release|Any CPU
		{D17B5F46-8619-4603-B026-13EC8A1EC71B}.Release|Any CPU.Build.0 = Release|Any CPU
		{2F7F14D0-592C-4A3E-A23A-64FEFF7CC664}.Debug|Any CPU.ActiveCfg = Debug|Any CPU
		{2F7F14D0-592C-4A3E-A23A-64FEFF7CC664}.Debug|Any CPU.Build.0 = Debug|Any CPU
		{2F7F14D0-592C-4A3E-A23A-64FEFF7CC664}.Release|Any CPU.ActiveCfg = Release|Any CPU
		{2F7F14D0-592C-4A3E-A23A-64FEFF7CC664}.Release|Any CPU.Build.0 = Release|Any CPU
		{CF3363E7-D146-4B26-B9D7-9F651B789A06}.Debug|Any CPU.ActiveCfg = Debug|Any CPU
		{CF3363E7-D146-4B26-B9D7-9F651B789A06}.Debug|Any CPU.Build.0 = Debug|Any CPU
		{CF3363E7-D146-4B26-B9D7-9F651B789A06}.Release|Any CPU.ActiveCfg = Release|Any CPU
		{CF3363E7-D146-4B26-B9D7-9F651B789A06}.Release|Any CPU.Build.0 = Release|Any CPU
		{A1068659-87FA-4EE2-BF95-BD6C7910321C}.Debug|Any CPU.ActiveCfg = Debug|Any CPU
		{A1068659-87FA-4EE2-BF95-BD6C7910321C}.Debug|Any CPU.Build.0 = Debug|Any CPU
		{A1068659-87FA-4EE2-BF95-BD6C7910321C}.Release|Any CPU.ActiveCfg = Release|Any CPU
		{A1068659-87FA-4EE2-BF95-BD6C7910321C}.Release|Any CPU.Build.0 = Release|Any CPU
	EndGlobalSection
	GlobalSection(SolutionProperties) = preSolution
		HideSolutionNode = FALSE
	EndGlobalSection
	GlobalSection(NestedProjects) = preSolution
		{25124692-47FF-4E82-B9B4-731AB725350E} = {F068A043-DA17-4763-8580-792C9029DA55}
		{C81EAB65-33EA-407B-B1D8-EEDA7A77F2C2} = {F068A043-DA17-4763-8580-792C9029DA55}
		{F47DEA22-A790-4FEC-8496-AA3EA750FEE5} = {C81EAB65-33EA-407B-B1D8-EEDA7A77F2C2}
		{CB8D52E5-CB1C-430D-9A6B-CA7D91908CFB} = {25124692-47FF-4E82-B9B4-731AB725350E}
		{200C7368-4F3C-40EA-B63C-B2F745568C38} = {F068A043-DA17-4763-8580-792C9029DA55}
		{69776917-A4F1-46CC-9470-E1FDA0A2D380} = {580330D0-724F-46C0-A4AB-CA0B24751C0E}
		{D49B726F-4181-4400-8EFB-EF7D51034981} = {069686CF-BF42-4D19-9926-D7A6D0E70213}
		{A3CC2A8E-0E68-4D81-BF44-47095DD6BF73} = {69F438C8-0BD3-414B-90FA-2CF2BAC2AF62}
		{A36382EF-C65B-45D5-B098-0321DA51B071} = {F068A043-DA17-4763-8580-792C9029DA55}
		{0917BD49-76BC-45BF-B7AA-6DCF3BA02FCF} = {F88CC00E-2D2C-46CA-A38B-B05EA6CE0591}
		{D17B5F46-8619-4603-B026-13EC8A1EC71B} = {4C8AF80A-DED3-40D8-A026-29CF68493A9C}
		{580330D0-724F-46C0-A4AB-CA0B24751C0E} = {200C7368-4F3C-40EA-B63C-B2F745568C38}
		{69F438C8-0BD3-414B-90FA-2CF2BAC2AF62} = {200C7368-4F3C-40EA-B63C-B2F745568C38}
		{069686CF-BF42-4D19-9926-D7A6D0E70213} = {200C7368-4F3C-40EA-B63C-B2F745568C38}
		{F88CC00E-2D2C-46CA-A38B-B05EA6CE0591} = {200C7368-4F3C-40EA-B63C-B2F745568C38}
		{4C8AF80A-DED3-40D8-A026-29CF68493A9C} = {200C7368-4F3C-40EA-B63C-B2F745568C38}
		{BB5E25FC-7970-4B74-94DC-9F4C0BC31412} = {A36382EF-C65B-45D5-B098-0321DA51B071}
		{2F7F14D0-592C-4A3E-A23A-64FEFF7CC664} = {BB5E25FC-7970-4B74-94DC-9F4C0BC31412}
		{6A7AD49A-6C96-49FE-AB4C-3E21D7BE0B56} = {A36382EF-C65B-45D5-B098-0321DA51B071}
		{CF3363E7-D146-4B26-B9D7-9F651B789A06} = {6A7AD49A-6C96-49FE-AB4C-3E21D7BE0B56}
		{BE4B50D0-580D-4A93-9A37-51C53F7860E0} = {A36382EF-C65B-45D5-B098-0321DA51B071}
		{A1068659-87FA-4EE2-BF95-BD6C7910321C} = {BE4B50D0-580D-4A93-9A37-51C53F7860E0}
	EndGlobalSection
	GlobalSection(ExtensibilityGlobals) = postSolution
		SolutionGuid = {71C7BE45-23BD-42CC-ADFA-DBCDA4D97227}
	EndGlobalSection
EndGlobal
